
Microsoft Visual Studio Solution File, Format Version 12.00
# Visual Studio Version 17
VisualStudioVersion = 17.6.33829.357
MinimumVisualStudioVersion = 10.0.40219.1
Project("{8BC9CEB8-8B4A-11D0-8D11-00A0C91BC942}") = "Rotating cube", "Rotating cube.vcxproj", "{C045B87E-BCB3-454E-8AE9-BC5D5AC70287}"
EndProject
Global
	GlobalSection(SolutionConfigurationPlatforms) = preSolution
		Debug|x64 = Debug|x64
		Debug|x86 = Debug|x86
		Release|x64 = Release|x64
		Release|x86 = Release|x86
	EndGlobalSection
	GlobalSection(ProjectConfigurationPlatforms) = postSolution
		{C045B87E-BCB3-454E-8AE9-BC5D5AC70287}.Debug|x64.ActiveCfg = Debug|x64
		{C045B87E-BCB3-454E-8AE9-BC5D5AC70287}.Debug|x64.Build.0 = Debug|x64
		{C045B87E-BCB3-454E-8AE9-BC5D5AC70287}.Debug|x86.ActiveCfg = Debug|Win32
		{C045B87E-BCB3-454E-8AE9-BC5D5AC70287}.Debug|x86.Build.0 = Debug|Win32
		{C045B87E-BCB3-454E-8AE9-BC5D5AC70287}.Release|x64.ActiveCfg = Release|x64
		{C045B87E-BCB3-454E-8AE9-BC5D5AC70287}.Release|x64.Build.0 = Release|x64
		{C045B87E-BCB3-454E-8AE9-BC5D5AC70287}.Release|x86.ActiveCfg = Release|Win32
		{C045B87E-BCB3-454E-8AE9-BC5D5AC70287}.Release|x86.Build.0 = Release|Win32
	EndGlobalSection
	GlobalSection(SolutionProperties) = preSolution
		HideSolutionNode = FALSE
	EndGlobalSection
	GlobalSection(ExtensibilityGlobals) = postSolution
		SolutionGuid = {D9750599-A2F1-42BA-9A71-158AB129C299}
	EndGlobalSection
EndGlobal
