
Microsoft Visual Studio Solution File, Format Version 12.00
# Visual Studio 15
VisualStudioVersion = 15.0.26730.15
MinimumVisualStudioVersion = 10.0.40219.1
Project("{8BC9CEB8-8B4A-11D0-8D11-00A0C91BC942}") = "Threads", "Threads\Threads.vcxproj", "{43302EC2-91ED-44AE-B36B-6E868AF14C0E}"
EndProject
Global
	GlobalSection(SolutionConfigurationPlatforms) = preSolution
		Debug|x64 = Debug|x64
		Debug|x86 = Debug|x86
		Release|x64 = Release|x64
		Release|x86 = Release|x86
	EndGlobalSection
	GlobalSection(ProjectConfigurationPlatforms) = postSolution
		{43302EC2-91ED-44AE-B36B-6E868AF14C0E}.Debug|x64.ActiveCfg = Debug|x64
		{43302EC2-91ED-44AE-B36B-6E868AF14C0E}.Debug|x64.Build.0 = Debug|x64
		{43302EC2-91ED-44AE-B36B-6E868AF14C0E}.Debug|x86.ActiveCfg = Debug|Win32
		{43302EC2-91ED-44AE-B36B-6E868AF14C0E}.Debug|x86.Build.0 = Debug|Win32
		{43302EC2-91ED-44AE-B36B-6E868AF14C0E}.Release|x64.ActiveCfg = Release|x64
		{43302EC2-91ED-44AE-B36B-6E868AF14C0E}.Release|x64.Build.0 = Release|x64
		{43302EC2-91ED-44AE-B36B-6E868AF14C0E}.Release|x86.ActiveCfg = Release|Win32
		{43302EC2-91ED-44AE-B36B-6E868AF14C0E}.Release|x86.Build.0 = Release|Win32
	EndGlobalSection
	GlobalSection(SolutionProperties) = preSolution
		HideSolutionNode = FALSE
	EndGlobalSection
	GlobalSection(ExtensibilityGlobals) = postSolution
		SolutionGuid = {5218A281-08CF-4896-9AA0-DDFB8034F18E}
	EndGlobalSection
EndGlobal
