
Microsoft Visual Studio Solution File, Format Version 12.00
# Visual Studio Version 17
VisualStudioVersion = 17.6.33829.357
MinimumVisualStudioVersion = 10.0.40219.1
Project("{8BC9CEB8-8B4A-11D0-8D11-00A0C91BC942}") = "assignment9_structs", "assignment9_structs.vcxproj", "{EE9CDB44-1DBF-41A2-9146-904C92EA7928}"
EndProject
Global
	GlobalSection(SolutionConfigurationPlatforms) = preSolution
		Debug|x64 = Debug|x64
		Debug|x86 = Debug|x86
		Release|x64 = Release|x64
		Release|x86 = Release|x86
	EndGlobalSection
	GlobalSection(ProjectConfigurationPlatforms) = postSolution
		{EE9CDB44-1DBF-41A2-9146-904C92EA7928}.Debug|x64.ActiveCfg = Debug|x64
		{EE9CDB44-1DBF-41A2-9146-904C92EA7928}.Debug|x64.Build.0 = Debug|x64
		{EE9CDB44-1DBF-41A2-9146-904C92EA7928}.Debug|x86.ActiveCfg = Debug|Win32
		{EE9CDB44-1DBF-41A2-9146-904C92EA7928}.Debug|x86.Build.0 = Debug|Win32
		{EE9CDB44-1DBF-41A2-9146-904C92EA7928}.Release|x64.ActiveCfg = Release|x64
		{EE9CDB44-1DBF-41A2-9146-904C92EA7928}.Release|x64.Build.0 = Release|x64
		{EE9CDB44-1DBF-41A2-9146-904C92EA7928}.Release|x86.ActiveCfg = Release|Win32
		{EE9CDB44-1DBF-41A2-9146-904C92EA7928}.Release|x86.Build.0 = Release|Win32
	EndGlobalSection
	GlobalSection(SolutionProperties) = preSolution
		HideSolutionNode = FALSE
	EndGlobalSection
	GlobalSection(ExtensibilityGlobals) = postSolution
		SolutionGuid = {CD9EA484-58A8-46BA-9E57-37B5782B48E1}
	EndGlobalSection
EndGlobal
