
Microsoft Visual Studio Solution File, Format Version 12.00
# Visual Studio 14
VisualStudioVersion = 14.0.25420.1
MinimumVisualStudioVersion = 10.0.40219.1
Project("{8BC9CEB8-8B4A-11D0-8D11-00A0C91BC942}") = "Vector", "Vector\Vector.vcxproj", "{C0DC5792-090C-42FA-8A71-121EB2172497}"
EndProject
Global
	GlobalSection(SolutionConfigurationPlatforms) = preSolution
		Debug|x64 = Debug|x64
		Debug|x86 = Debug|x86
		Release|x64 = Release|x64
		Release|x86 = Release|x86
	EndGlobalSection
	GlobalSection(ProjectConfigurationPlatforms) = postSolution
		{C0DC5792-090C-42FA-8A71-121EB2172497}.Debug|x64.ActiveCfg = Debug|x64
		{C0DC5792-090C-42FA-8A71-121EB2172497}.Debug|x64.Build.0 = Debug|x64
		{C0DC5792-090C-42FA-8A71-121EB2172497}.Debug|x86.ActiveCfg = Debug|Win32
		{C0DC5792-090C-42FA-8A71-121EB2172497}.Debug|x86.Build.0 = Debug|Win32
		{C0DC5792-090C-42FA-8A71-121EB2172497}.Release|x64.ActiveCfg = Release|x64
		{C0DC5792-090C-42FA-8A71-121EB2172497}.Release|x64.Build.0 = Release|x64
		{C0DC5792-090C-42FA-8A71-121EB2172497}.Release|x86.ActiveCfg = Release|Win32
		{C0DC5792-090C-42FA-8A71-121EB2172497}.Release|x86.Build.0 = Release|Win32
	EndGlobalSection
	GlobalSection(SolutionProperties) = preSolution
		HideSolutionNode = FALSE
	EndGlobalSection
EndGlobal
