
Microsoft Visual Studio Solution File, Format Version 12.00
# Visual Studio Version 16
VisualStudioVersion = 16.0.31019.35
MinimumVisualStudioVersion = 10.0.40219.1
Project("{8BC9CEB8-8B4A-11D0-8D11-00A0C91BC942}") = "CircularRef", "CircularRef\CircularRef.vcxproj", "{EB9EA3BB-6D88-4528-9C1C-167960802974}"
EndProject
Global
	GlobalSection(SolutionConfigurationPlatforms) = preSolution
		Debug|x64 = Debug|x64
		Debug|x86 = Debug|x86
		Release|x64 = Release|x64
		Release|x86 = Release|x86
	EndGlobalSection
	GlobalSection(ProjectConfigurationPlatforms) = postSolution
		{EB9EA3BB-6D88-4528-9C1C-167960802974}.Debug|x64.ActiveCfg = Debug|x64
		{EB9EA3BB-6D88-4528-9C1C-167960802974}.Debug|x64.Build.0 = Debug|x64
		{EB9EA3BB-6D88-4528-9C1C-167960802974}.Debug|x86.ActiveCfg = Debug|Win32
		{EB9EA3BB-6D88-4528-9C1C-167960802974}.Debug|x86.Build.0 = Debug|Win32
		{EB9EA3BB-6D88-4528-9C1C-167960802974}.Release|x64.ActiveCfg = Release|x64
		{EB9EA3BB-6D88-4528-9C1C-167960802974}.Release|x64.Build.0 = Release|x64
		{EB9EA3BB-6D88-4528-9C1C-167960802974}.Release|x86.ActiveCfg = Release|Win32
		{EB9EA3BB-6D88-4528-9C1C-167960802974}.Release|x86.Build.0 = Release|Win32
	EndGlobalSection
	GlobalSection(SolutionProperties) = preSolution
		HideSolutionNode = FALSE
	EndGlobalSection
	GlobalSection(ExtensibilityGlobals) = postSolution
		SolutionGuid = {4B713BDB-C119-48DF-9534-04827B7FA631}
	EndGlobalSection
EndGlobal
