
Microsoft Visual Studio Solution File, Format Version 12.00
# Visual Studio Version 16
VisualStudioVersion = 16.0.31019.35
MinimumVisualStudioVersion = 10.0.40219.1
Project("{8BC9CEB8-8B4A-11D0-8D11-00A0C91BC942}") = "weak_ptr", "weak_ptr\weak_ptr.vcxproj", "{BA3DEB70-A1DC-4176-90B2-4313937654DC}"
EndProject
Global
	GlobalSection(SolutionConfigurationPlatforms) = preSolution
		Debug|x64 = Debug|x64
		Debug|x86 = Debug|x86
		Release|x64 = Release|x64
		Release|x86 = Release|x86
	EndGlobalSection
	GlobalSection(ProjectConfigurationPlatforms) = postSolution
		{BA3DEB70-A1DC-4176-90B2-4313937654DC}.Debug|x64.ActiveCfg = Debug|x64
		{BA3DEB70-A1DC-4176-90B2-4313937654DC}.Debug|x64.Build.0 = Debug|x64
		{BA3DEB70-A1DC-4176-90B2-4313937654DC}.Debug|x86.ActiveCfg = Debug|Win32
		{BA3DEB70-A1DC-4176-90B2-4313937654DC}.Debug|x86.Build.0 = Debug|Win32
		{BA3DEB70-A1DC-4176-90B2-4313937654DC}.Release|x64.ActiveCfg = Release|x64
		{BA3DEB70-A1DC-4176-90B2-4313937654DC}.Release|x64.Build.0 = Release|x64
		{BA3DEB70-A1DC-4176-90B2-4313937654DC}.Release|x86.ActiveCfg = Release|Win32
		{BA3DEB70-A1DC-4176-90B2-4313937654DC}.Release|x86.Build.0 = Release|Win32
	EndGlobalSection
	GlobalSection(SolutionProperties) = preSolution
		HideSolutionNode = FALSE
	EndGlobalSection
	GlobalSection(ExtensibilityGlobals) = postSolution
		SolutionGuid = {30D15037-67E4-49BA-8926-694147CAD3BF}
	EndGlobalSection
EndGlobal
